
Microsoft Visual Studio Solution File, Format Version 12.00
# Visual Studio Version 17
VisualStudioVersion = 17.14.37216.2 d17.14
MinimumVisualStudioVersion = 10.0.40219.1
Project("{FAE04EC0-301F-11D3-BF4B-00C04F79EFBC}") = "finals", "finals\finals.csproj", "{AA2F2D5B-7117-47EE-8CA4-2EA4F122BAB6}"
EndProject
Global
	GlobalSection(SolutionConfigurationPlatforms) = preSolution
		Debug|Any CPU = Debug|Any CPU
		Release|Any CPU = Release|Any CPU
	EndGlobalSection
	GlobalSection(ProjectConfigurationPlatforms) = postSolution
		{AA2F2D5B-7117-47EE-8CA4-2EA4F122BAB6}.Debug|Any CPU.ActiveCfg = Debug|Any CPU
		{AA2F2D5B-7117-47EE-8CA4-2EA4F122BAB6}.Debug|Any CPU.Build.0 = Debug|Any CPU
		{AA2F2D5B-7117-47EE-8CA4-2EA4F122BAB6}.Release|Any CPU.ActiveCfg = Release|Any CPU
		{AA2F2D5B-7117-47EE-8CA4-2EA4F122BAB6}.Release|Any CPU.Build.0 = Release|Any CPU
	EndGlobalSection
	GlobalSection(SolutionProperties) = preSolution
		HideSolutionNode = FALSE
	EndGlobalSection
	GlobalSection(ExtensibilityGlobals) = postSolution
		SolutionGuid = {8C3EFDF2-BA41-4CF7-A6E3-AEA4068DC514}
	EndGlobalSection
EndGlobal
